
Microsoft Visual Studio Solution File, Format Version 12.00
# Visual Studio 2012
Project("{FAE04EC0-301F-11D3-BF4B-00C04F79EFBC}") = "CPU_Usage", "CPU_Usage\CPU_Usage.csproj", "{8DB79E5E-56C1-43ED-86F0-61C4448BF7A3}"
EndProject
Global
	GlobalSection(SolutionConfigurationPlatforms) = preSolution
		Debug|Any CPU = Debug|Any CPU
		Release|Any CPU = Release|Any CPU
	EndGlobalSection
	GlobalSection(ProjectConfigurationPlatforms) = postSolution
		{8DB79E5E-56C1-43ED-86F0-61C4448BF7A3}.Debug|Any CPU.ActiveCfg = Debug|Any CPU
		{8DB79E5E-56C1-43ED-86F0-61C4448BF7A3}.Debug|Any CPU.Build.0 = Debug|Any CPU
		{8DB79E5E-56C1-43ED-86F0-61C4448BF7A3}.Release|Any CPU.ActiveCfg = Release|Any CPU
		{8DB79E5E-56C1-43ED-86F0-61C4448BF7A3}.Release|Any CPU.Build.0 = Release|Any CPU
	EndGlobalSection
	GlobalSection(SolutionProperties) = preSolution
		HideSolutionNode = FALSE
	EndGlobalSection
EndGlobal
